
Microsoft Visual Studio Solution File, Format Version 12.00
# Visual Studio Version 16
VisualStudioVersion = 16.0.32228.343
MinimumVisualStudioVersion = 10.0.40219.1
Project("{FAE04EC0-301F-11D3-BF4B-00C04F79EFBC}") = "Laboratorio1", "Laboratorio1\Laboratorio1.csproj", "{09EC9CC1-94EB-420B-9EDD-23E64335822A}"
EndProject
Project("{FAE04EC0-301F-11D3-BF4B-00C04F79EFBC}") = "Laboratorio1.Tests", "Laboratorio1.Tests\Laboratorio1.Tests.csproj", "{3BBC6CC0-4215-457F-966C-009F63EB637D}"
EndProject
Global
	GlobalSection(SolutionConfigurationPlatforms) = preSolution
		Debug|Any CPU = Debug|Any CPU
		Release|Any CPU = Release|Any CPU
	EndGlobalSection
	GlobalSection(ProjectConfigurationPlatforms) = postSolution
		{09EC9CC1-94EB-420B-9EDD-23E64335822A}.Debug|Any CPU.ActiveCfg = Debug|Any CPU
		{09EC9CC1-94EB-420B-9EDD-23E64335822A}.Debug|Any CPU.Build.0 = Debug|Any CPU
		{09EC9CC1-94EB-420B-9EDD-23E64335822A}.Release|Any CPU.ActiveCfg = Release|Any CPU
		{09EC9CC1-94EB-420B-9EDD-23E64335822A}.Release|Any CPU.Build.0 = Release|Any CPU
		{3BBC6CC0-4215-457F-966C-009F63EB637D}.Debug|Any CPU.ActiveCfg = Debug|Any CPU
		{3BBC6CC0-4215-457F-966C-009F63EB637D}.Debug|Any CPU.Build.0 = Debug|Any CPU
		{3BBC6CC0-4215-457F-966C-009F63EB637D}.Release|Any CPU.ActiveCfg = Release|Any CPU
		{3BBC6CC0-4215-457F-966C-009F63EB637D}.Release|Any CPU.Build.0 = Release|Any CPU
	EndGlobalSection
	GlobalSection(SolutionProperties) = preSolution
		HideSolutionNode = FALSE
	EndGlobalSection
	GlobalSection(ExtensibilityGlobals) = postSolution
		SolutionGuid = {BA53F387-4C07-4B77-B99C-476D0F915B76}
	EndGlobalSection
EndGlobal
